# -------------------------------------------------------------------------- #
#
# Copyright (C) 1991-2010 Altera Corporation
# Your use of Altera Corporation's design tools, logic functions 
# and other software and tools, and its AMPP partner logic 
# functions, and any output files from any of the foregoing 
# (including device programming or simulation files), and any 
# associated documentation or information are expressly subject 
# to the terms and conditions of the Altera Program License 
# Subscription Agreement, Altera MegaCore Function License 
# Agreement, or other applicable license agreement, including, 
# without limitation, that your use is for the sole purpose of 
# programming logic devices manufactured by Altera and sold by 
# Altera or its authorized distributors.  Please refer to the 
# applicable agreement for further details.
#
# -------------------------------------------------------------------------- #
#
# Quartus II
# Version 10.1 Build 153 11/29/2010 SJ Full Version
# Date created = 00:29:09  December 27, 2011
#
# -------------------------------------------------------------------------- #
#
# Notes:
#
# 1) The default values for assignments are stored in the file:
#		LCD1602_assignment_defaults.qdf
#    If this file doesn't exist, see file:
#		assignment_defaults.qdf
#
# 2) Altera recommends that you do not modify this file. This
#    file is updated automatically by the Quartus II software
#    and any changes you make may be lost or overwritten.
#
# -------------------------------------------------------------------------- #


set_global_assignment -name FAMILY "MAX II"
set_global_assignment -name DEVICE EPM1270T144I5
set_global_assignment -name TOP_LEVEL_ENTITY LCD1602
set_global_assignment -name ORIGINAL_QUARTUS_VERSION 10.1
set_global_assignment -name PROJECT_CREATION_TIME_DATE "00:29:09  DECEMBER 27, 2011"
set_global_assignment -name LAST_QUARTUS_VERSION "17.1.0 Lite Edition"
set_global_assignment -name MIN_CORE_JUNCTION_TEMP "-40"
set_global_assignment -name MAX_CORE_JUNCTION_TEMP 100
set_global_assignment -name ERROR_CHECK_FREQUENCY_DIVISOR 0
set_global_assignment -name POWER_EXT_SUPPLY_VOLTAGE_TO_REGULATOR 3.3V
set_global_assignment -name STRATIX_DEVICE_IO_STANDARD "3.3-V LVTTL"
set_location_assignment PIN_18 -to clk
set_location_assignment PIN_61 -to reset
set_location_assignment PIN_7 -to buzzer
set_location_assignment PIN_28 -to dat[0]
set_location_assignment PIN_27 -to dat[1]
set_location_assignment PIN_30 -to dat[2]
set_location_assignment PIN_29 -to dat[3]
set_location_assignment PIN_32 -to dat[4]
set_location_assignment PIN_31 -to dat[5]
set_location_assignment PIN_37 -to dat[6]
set_location_assignment PIN_38 -to dat[7]
set_location_assignment PIN_22 -to rs
set_location_assignment PIN_24 -to rw
set_location_assignment PIN_23 -to en

set_location_assignment PIN_39 -to j_down
set_location_assignment PIN_37 -to j_up
set_location_assignment PIN_41 -to j_left
set_location_assignment PIN_38 -to j_right
set_location_assignment PIN_40 -to j_enter
set_instance_assignment -name WEAK_PULL_UP_RESISTOR ON -to j_down
set_instance_assignment -name WEAK_PULL_UP_RESISTOR ON -to j_up
set_instance_assignment -name WEAK_PULL_UP_RESISTOR ON -to j_left
set_instance_assignment -name WEAK_PULL_UP_RESISTOR ON -to j_right
set_instance_assignment -name WEAK_PULL_UP_RESISTOR ON -to j_enter
